
Microsoft Visual Studio Solution File, Format Version 12.00
# Visual Studio Version 17
VisualStudioVersion = 17.7.34031.279
MinimumVisualStudioVersion = 10.0.40219.1
Project("{9A19103F-16F7-4668-BE54-9A1E7A4F7556}") = "NewProject", "NewProject.csproj", "{FA2090EF-3381-4682-93A8-FA8DF8881B16}"
EndProject
Global
	GlobalSection(SolutionConfigurationPlatforms) = preSolution
		Debug|Any CPU = Debug|Any CPU
		Release|Any CPU = Release|Any CPU
	EndGlobalSection
	GlobalSection(ProjectConfigurationPlatforms) = postSolution
		{FA2090EF-3381-4682-93A8-FA8DF8881B16}.Debug|Any CPU.ActiveCfg = Debug|Any CPU
		{FA2090EF-3381-4682-93A8-FA8DF8881B16}.Debug|Any CPU.Build.0 = Debug|Any CPU
		{FA2090EF-3381-4682-93A8-FA8DF8881B16}.Release|Any CPU.ActiveCfg = Release|Any CPU
		{FA2090EF-3381-4682-93A8-FA8DF8881B16}.Release|Any CPU.Build.0 = Release|Any CPU
	EndGlobalSection
	GlobalSection(SolutionProperties) = preSolution
		HideSolutionNode = FALSE
	EndGlobalSection
	GlobalSection(ExtensibilityGlobals) = postSolution
		SolutionGuid = {06C5DE3D-A6DF-436F-8B9A-926E914292E1}
	EndGlobalSection
EndGlobal
